<?xml version="1.0" encoding="UTF-8"?>
<CONFIG>
  <ProjectOptions>
    <Version Value="12"/>
    <General>
      <SessionStorage Value="InProjectDir"/>
      <AutoCreateForms Value="False"/>
      <Title Value="SlatePad"/>
      <Scaled Value="True"/>
      <ResourceType Value="res"/>
      <UseXPManifest Value="True"/>
      <XPManifest>
        <DpiAware Value="True"/>
      </XPManifest>
      <Icon Value="0"/>
      <Resources Count="7">
        <Resource_0 FileName="Resources/text_document_wrap.png" Type="RCDATA" ResourceName="TEXT_DOCUMENT_WRAP"/>
        <Resource_1 FileName="Resources/disk.png" Type="RCDATA" ResourceName="DISK"/>
        <Resource_2 FileName="Resources/disk_multiple.png" Type="RCDATA" ResourceName="DISK_MULTIPLE"/>
        <Resource_3 FileName="Resources/door_out.png" Type="RCDATA" ResourceName="DOOR_OUT"/>
        <Resource_4 FileName="Resources/page_find.png" Type="RCDATA" ResourceName="PAGE_FIND"/>
        <Resource_5 FileName="Resources/folder_go.png" Type="RCDATA" ResourceName="FOLDER_GO"/>
        <Resource_6 FileName="Resources/Highlighters.zip" Type="RCDATA" ResourceName="HIGHLIGHTERS"/>
      </Resources>
    </General>
    <BuildModes>
      <Item Name="Debug" Default="True"/>
      <Item Name="Debug - Memory Leaks">
        <CompilerOptions>
          <Version Value="11"/>
          <Target>
            <Filename Value="SlatePad"/>
          </Target>
          <SearchPaths>
            <IncludeFiles Value="$(ProjOutDir)"/>
            <OtherUnitFiles Value="../Pascal.Tripous;../../../.lazarus/onlinepackagemanager/packages/BGRABitmap/bgrabitmap;../Packages/EncConv-2024.12.15/encconv;../Packages/ATFlatControls-2026.02.06/atflatcontrols;../Packages/ATSynEdit-2026.02.21/atsynedit;../Packages/EControl-2026.01.19/econtrol;../Packages/ATSynEdit_Ex-2026.01.19/atsynedit_ex;../Packages/ATLexers;Dialogs"/>
            <UnitOutputDirectory Value="lib/$(TargetCPU)-$(TargetOS)"/>
          </SearchPaths>
          <Linking>
            <Debugging>
              <DebugInfoType Value="dsDwarf3"/>
              <UseHeaptrc Value="True"/>
            </Debugging>
            <Options>
              <Win32>
                <GraphicApplication Value="True"/>
              </Win32>
            </Options>
          </Linking>
          <Other>
            <CompilerMessages>
              <IgnoredMessages idx6058="True" idx5079="True" idx5071="True" idx5062="True" idx5024="True" idx4046="True"/>
            </CompilerMessages>
            <CustomOptions Value="-dCHECK_MEMORY_LEAKS
-dDEBUG"/>
            <OtherDefines Count="1">
              <Define0 Value="DEBUG"/>
            </OtherDefines>
          </Other>
        </CompilerOptions>
      </Item>
      <Item Name="Linux x64 Release">
        <CompilerOptions>
          <Version Value="11"/>
          <Target>
            <Filename Value="bin/$(TargetOS)-$(TargetCPU)/SlatePad"/>
          </Target>
          <SearchPaths>
            <IncludeFiles Value="$(ProjOutDir)"/>
            <OtherUnitFiles Value="../Pascal.Tripous;../../../.lazarus/onlinepackagemanager/packages/BGRABitmap/bgrabitmap;../Packages/EncConv-2024.12.15/encconv;../Packages/ATFlatControls-2026.02.06/atflatcontrols;../Packages/ATSynEdit-2026.02.21/atsynedit;../Packages/EControl-2026.01.19/econtrol;../Packages/ATSynEdit_Ex-2026.01.19/atsynedit_ex;../Packages/ATLexers;Dialogs"/>
            <UnitOutputDirectory Value="lib/$(TargetCPU)-$(TargetOS)"/>
          </SearchPaths>
          <CodeGeneration>
            <TargetCPU Value="x86_64"/>
            <TargetOS Value="linux"/>
          </CodeGeneration>
          <Linking>
            <Debugging>
              <GenerateDebugInfo Value="False"/>
              <RunWithoutDebug Value="True"/>
              <DebugInfoType Value="dsDwarf3"/>
              <UseHeaptrc Value="True"/>
            </Debugging>
            <Options>
              <Win32>
                <GraphicApplication Value="True"/>
              </Win32>
            </Options>
          </Linking>
          <Other>
            <CompilerMessages>
              <IgnoredMessages idx6058="True" idx5079="True" idx5071="True" idx5062="True" idx5024="True" idx4046="True"/>
            </CompilerMessages>
            <OtherDefines Count="1">
              <Define0 Value="DEBUG"/>
            </OtherDefines>
          </Other>
        </CompilerOptions>
      </Item>
      <Item Name="Windows x64 Release">
        <CompilerOptions>
          <Version Value="11"/>
          <Target>
            <Filename Value="bin\$(TargetOS)-$(TargetCPU)\SlatePad"/>
          </Target>
          <SearchPaths>
            <IncludeFiles Value="$(ProjOutDir)"/>
            <OtherUnitFiles Value="../Pascal.Tripous;../../../.lazarus/onlinepackagemanager/packages/BGRABitmap/bgrabitmap;../Packages/EncConv-2024.12.15/encconv;../Packages/ATFlatControls-2026.02.06/atflatcontrols;../Packages/ATSynEdit-2026.02.21/atsynedit;../Packages/EControl-2026.01.19/econtrol;../Packages/ATSynEdit_Ex-2026.01.19/atsynedit_ex;../Packages/ATLexers;Dialogs"/>
            <UnitOutputDirectory Value="lib/$(TargetCPU)-$(TargetOS)"/>
          </SearchPaths>
          <CodeGeneration>
            <TargetCPU Value="x86_64"/>
            <TargetOS Value="win64"/>
            <Optimizations>
              <OptimizationLevel Value="2"/>
            </Optimizations>
          </CodeGeneration>
          <Linking>
            <Debugging>
              <GenerateDebugInfo Value="False"/>
              <RunWithoutDebug Value="True"/>
              <DebugInfoType Value="dsDwarf3"/>
              <UseHeaptrc Value="True"/>
            </Debugging>
            <Options>
              <Win32>
                <GraphicApplication Value="True"/>
              </Win32>
            </Options>
          </Linking>
          <Other>
            <CompilerMessages>
              <IgnoredMessages idx6058="True" idx5079="True" idx5071="True" idx5062="True" idx5024="True" idx4046="True"/>
            </CompilerMessages>
          </Other>
        </CompilerOptions>
      </Item>
    </BuildModes>
    <PublishOptions>
      <Version Value="2"/>
      <UseFileFilters Value="True"/>
    </PublishOptions>
    <RunParams>
      <FormatVersion Value="2"/>
    </RunParams>
    <RequiredPackages>
      <Item>
        <PackageName Value="SynEditDsgn"/>
      </Item>
      <Item>
        <PackageName Value="SynEdit"/>
      </Item>
      <Item>
        <PackageName Value="LCL"/>
      </Item>
    </RequiredPackages>
    <Units>
      <Unit>
        <Filename Value="SlatePad.lpr"/>
        <IsPartOfProject Value="True"/>
      </Unit>
      <Unit>
        <Filename Value="f_mainform.pas"/>
        <IsPartOfProject Value="True"/>
        <ComponentName Value="MainForm"/>
        <HasResources Value="True"/>
        <ResourceBaseClass Value="Form"/>
        <UnitName Value="f_MainForm"/>
      </Unit>
      <Unit>
        <Filename Value="o_docs.pas"/>
        <IsPartOfProject Value="True"/>
        <UnitName Value="o_Docs"/>
      </Unit>
      <Unit>
        <Filename Value="../Pascal.Tripous/tripous.pas"/>
        <IsPartOfProject Value="True"/>
        <UnitName Value="Tripous"/>
      </Unit>
      <Unit>
        <Filename Value="o_app.pas"/>
        <IsPartOfProject Value="True"/>
        <UnitName Value="o_App"/>
      </Unit>
      <Unit>
        <Filename Value="o_appsettings.pas"/>
        <IsPartOfProject Value="True"/>
        <UnitName Value="o_AppSettings"/>
      </Unit>
      <Unit>
        <Filename Value="o_pagehandler.pas"/>
        <IsPartOfProject Value="True"/>
        <UnitName Value="o_PageHandler"/>
      </Unit>
      <Unit>
        <Filename Value="o_consts.pas"/>
        <IsPartOfProject Value="True"/>
        <UnitName Value="o_Consts"/>
      </Unit>
      <Unit>
        <Filename Value="o_highlighters.pas"/>
        <IsPartOfProject Value="True"/>
        <UnitName Value="o_Highlighters"/>
      </Unit>
      <Unit>
        <Filename Value="o_texteditor.pas"/>
        <IsPartOfProject Value="True"/>
        <UnitName Value="o_TextEditor"/>
      </Unit>
      <Unit>
        <Filename Value="Dialogs/f_findandreplacedialog.pas"/>
        <IsPartOfProject Value="True"/>
        <ComponentName Value="FindAndReplaceDialog"/>
        <HasResources Value="True"/>
        <ResourceBaseClass Value="Form"/>
        <UnitName Value="f_FindAndReplaceDialog"/>
      </Unit>
      <Unit>
        <Filename Value="o_findandreplace.pas"/>
        <IsPartOfProject Value="True"/>
        <UnitName Value="o_FindAndReplace"/>
      </Unit>
      <Unit>
        <Filename Value="o_findandreplaceinfiles.pas"/>
        <IsPartOfProject Value="True"/>
        <UnitName Value="o_FindAndReplaceInFiles"/>
      </Unit>
      <Unit>
        <Filename Value="Dialogs/f_findandreplaceinfilesdialog.pas"/>
        <IsPartOfProject Value="True"/>
        <ComponentName Value="FindAndReplaceInFilesDialog"/>
        <HasResources Value="True"/>
        <ResourceBaseClass Value="Form"/>
        <UnitName Value="f_FindAndReplaceInFilesDialog"/>
      </Unit>
      <Unit>
        <Filename Value="Dialogs/f_appsettingsdialog.pas"/>
        <IsPartOfProject Value="True"/>
        <ComponentName Value="AppSettingsDialog"/>
        <HasResources Value="True"/>
        <ResourceBaseClass Value="Form"/>
        <UnitName Value="f_AppSettingsDialog"/>
      </Unit>
      <Unit>
        <Filename Value="f_pageform.pas"/>
        <IsPartOfProject Value="True"/>
        <ComponentName Value="PageForm"/>
        <HasResources Value="True"/>
        <ResourceBaseClass Value="Form"/>
        <UnitName Value="f_PageForm"/>
      </Unit>
      <Unit>
        <Filename Value="f_texteditorform.pas"/>
        <IsPartOfProject Value="True"/>
        <ComponentName Value="TextEditorForm"/>
        <HasResources Value="True"/>
        <ResourceBaseClass Value="Form"/>
        <UnitName Value="f_TextEditorForm"/>
      </Unit>
      <Unit>
        <Filename Value="o_filer.pas"/>
        <IsPartOfProject Value="True"/>
        <UnitName Value="o_Filer"/>
      </Unit>
    </Units>
  </ProjectOptions>
  <CompilerOptions>
    <Version Value="11"/>
    <Target>
      <Filename Value="SlatePad"/>
    </Target>
    <SearchPaths>
      <IncludeFiles Value="$(ProjOutDir)"/>
      <OtherUnitFiles Value="../Pascal.Tripous;../../../.lazarus/onlinepackagemanager/packages/BGRABitmap/bgrabitmap;../Packages/EncConv-2024.12.15/encconv;../Packages/ATFlatControls-2026.02.06/atflatcontrols;../Packages/ATSynEdit-2026.02.21/atsynedit;../Packages/EControl-2026.01.19/econtrol;../Packages/ATSynEdit_Ex-2026.01.19/atsynedit_ex;../Packages/ATLexers;Dialogs"/>
      <UnitOutputDirectory Value="lib/$(TargetCPU)-$(TargetOS)"/>
    </SearchPaths>
    <Linking>
      <Debugging>
        <DebugInfoType Value="dsDwarf3"/>
      </Debugging>
      <Options>
        <Win32>
          <GraphicApplication Value="True"/>
        </Win32>
      </Options>
    </Linking>
    <Other>
      <CompilerMessages>
        <IgnoredMessages idx6058="True" idx5079="True" idx5071="True" idx5062="True" idx5024="True" idx4046="True"/>
      </CompilerMessages>
      <CustomOptions Value="-dDEBUG"/>
      <OtherDefines Count="1">
        <Define0 Value="DEBUG"/>
      </OtherDefines>
    </Other>
  </CompilerOptions>
  <Debugging>
    <Exceptions>
      <Item>
        <Name Value="EAbort"/>
      </Item>
      <Item>
        <Name Value="ECodetoolError"/>
      </Item>
      <Item>
        <Name Value="EFOpenError"/>
      </Item>
    </Exceptions>
  </Debugging>
</CONFIG>
